Microsoft Visual Studio Solution File, Format Version 12.00
# Visual Studio Version 17
VisualStudioVersion = 17.5.2.0
MinimumVisualStudioVersion = 10.0.40219.1
Project("{2150E333-8FDC-42A3-9474-1A3956D46DE8}") = "server", "server", "{DAD03CFC-D5FA-AC94-41C7-9ABAB326F09E}"
EndProject
Project("{FAE04EC0-301F-11D3-BF4B-00C04F79EFBC}") = "AirlineAPI", "server\AirlineAPI\AirlineAPI.csproj", "{D03136BF-DDAB-EDFD-6F37-C0888DD6006E}"
EndProject
Global
	GlobalSection(SolutionConfigurationPlatforms) = preSolution
		Debug|Any CPU = Debug|Any CPU
		Release|Any CPU = Release|Any CPU
	EndGlobalSection
	GlobalSection(ProjectConfigurationPlatforms) = postSolution
		{D03136BF-DDAB-EDFD-6F37-C0888DD6006E}.Debug|Any CPU.ActiveCfg = Debug|Any CPU
		{D03136BF-DDAB-EDFD-6F37-C0888DD6006E}.Debug|Any CPU.Build.0 = Debug|Any CPU
		{D03136BF-DDAB-EDFD-6F37-C0888DD6006E}.Release|Any CPU.ActiveCfg = Release|Any CPU
		{D03136BF-DDAB-EDFD-6F37-C0888DD6006E}.Release|Any CPU.Build.0 = Release|Any CPU
	EndGlobalSection
	GlobalSection(SolutionProperties) = preSolution
		HideSolutionNode = FALSE
	EndGlobalSection
	GlobalSection(NestedProjects) = preSolution
		{D03136BF-DDAB-EDFD-6F37-C0888DD6006E} = {DAD03CFC-D5FA-AC94-41C7-9ABAB326F09E}
	EndGlobalSection
	GlobalSection(ExtensibilityGlobals) = postSolution
		SolutionGuid = {518AEAB9-CD75-4E2E-9E0D-8831B2F728F8}
	EndGlobalSection
EndGlobal
